{
  "originHash" : "a9277ace0225a70cbd8c29f35e752de7867c22532ad45b3a844da204a02c0566",
  "pins" : [
    {
      "identity" : "agentic",
      "kind" : "remoteSourceControl",
      "location" : "https://github.com/leviouwendijk/Agentic.git",
      "state" : {
        "branch" : "master",
        "revision" : "d3b79ce21eee57492bec44e406a5d5e41100a392"
      }
    },
    {
      "identity" : "agenticadapters",
      "kind" : "remoteSourceControl",
      "location" : "https://github.com/leviouwendijk/AgenticAdapters.git",
      "state" : {
        "branch" : "master",
        "revision" : "7b80150214d57b4f68024f3dfbe608fff7bb13a5"
      }
    },
    {
      "identity" : "ansi",
      "kind" : "remoteSourceControl",
      "location" : "https://github.com/leviouwendijk/ANSI.git",
      "state" : {
        "branch" : "master",
        "revision" : "073d9ca7870b688a312608acf14eae6ba052c0d6"
      }
    },
    {
      "identity" : "arguments",
      "kind" : "remoteSourceControl",
      "location" : "https://github.com/leviouwendijk/Arguments.git",
      "state" : {
        "branch" : "master",
        "revision" : "58137308ef2c29230f793ac0202e27f23476a194"
      }
    },
    {
      "identity" : "awsconnector",
      "kind" : "remoteSourceControl",
      "location" : "https://github.com/leviouwendijk/AWSConnector.git",
      "state" : {
        "branch" : "master",
        "revision" : "4793806c37c357d7bb7b6819bdc12bc3d2710f1c"
      }
    },
    {
      "identity" : "clipboard",
      "kind" : "remoteSourceControl",
      "location" : "https://github.com/leviouwendijk/Clipboard.git",
      "state" : {
        "branch" : "master",
        "revision" : "25d4edb471b4b19a854b0bf4f35beb47f1aca421"
      }
    },
    {
      "identity" : "concatenation",
      "kind" : "remoteSourceControl",
      "location" : "https://github.com/leviouwendijk/Concatenation.git",
      "state" : {
        "branch" : "master",
        "revision" : "7bf5aa7bed68cf92098653a027a1132e352f9311"
      }
    },
    {
      "identity" : "cryptography",
      "kind" : "remoteSourceControl",
      "location" : "https://github.com/leviouwendijk/Cryptography.git",
      "state" : {
        "branch" : "master",
        "revision" : "7357269b51d0d1b5b2f227741ce1bd8c558acfff"
      }
    },
    {
      "identity" : "difference",
      "kind" : "remoteSourceControl",
      "location" : "https://github.com/leviouwendijk/Difference.git",
      "state" : {
        "branch" : "master",
        "revision" : "ca0f33316fcf56ace04f1f5a1bb178667a291abc"
      }
    },
    {
      "identity" : "filetypes",
      "kind" : "remoteSourceControl",
      "location" : "https://github.com/leviouwendijk/FileTypes.git",
      "state" : {
        "branch" : "master",
        "revision" : "77d9b8387e7df863e66dd4665a6f5181365ffe0d"
      }
    },
    {
      "identity" : "fuzzy",
      "kind" : "remoteSourceControl",
      "location" : "https://github.com/leviouwendijk/Fuzzy.git",
      "state" : {
        "branch" : "master",
        "revision" : "99b7d295446f9574161daa9bba60a0815df9b2ec"
      }
    },
    {
      "identity" : "indentation",
      "kind" : "remoteSourceControl",
      "location" : "https://github.com/leviouwendijk/Indentation.git",
      "state" : {
        "branch" : "master",
        "revision" : "8b85325433aa97ee19c9c77f564500be189978d6"
      }
    },
    {
      "identity" : "interfaces",
      "kind" : "remoteSourceControl",
      "location" : "https://github.com/leviouwendijk/Interfaces.git",
      "state" : {
        "branch" : "master",
        "revision" : "a5b873f541a936155dfb9e8a7c1a2f401513f9fa"
      }
    },
    {
      "identity" : "matching",
      "kind" : "remoteSourceControl",
      "location" : "https://github.com/leviouwendijk/Matching.git",
      "state" : {
        "branch" : "master",
        "revision" : "c18f9be3f8c8e05ca0645bb3de0ed1dad807a3a1"
      }
    },
    {
      "identity" : "methods",
      "kind" : "remoteSourceControl",
      "location" : "https://github.com/leviouwendijk/Methods.git",
      "state" : {
        "branch" : "master",
        "revision" : "47d7bf31c1e547238c1900fe4a1f6961b6cc19bb"
      }
    },
    {
      "identity" : "milieu",
      "kind" : "remoteSourceControl",
      "location" : "https://github.com/leviouwendijk/Milieu.git",
      "state" : {
        "branch" : "master",
        "revision" : "242e890af20eb5f77087cf116ae9374f1f809b2a"
      }
    },
    {
      "identity" : "parsing",
      "kind" : "remoteSourceControl",
      "location" : "https://github.com/leviouwendijk/Parsing.git",
      "state" : {
        "branch" : "master",
        "revision" : "38e346697615fbb32fdac86e6528c18104d89334"
      }
    },
    {
      "identity" : "path",
      "kind" : "remoteSourceControl",
      "location" : "https://github.com/leviouwendijk/Path.git",
      "state" : {
        "branch" : "master",
        "revision" : "8693f15d32ed07a62eb1a8ff800a1e89b3a72199"
      }
    },
    {
      "identity" : "plate",
      "kind" : "remoteSourceControl",
      "location" : "https://github.com/leviouwendijk/plate.git",
      "state" : {
        "branch" : "master",
        "revision" : "26a9ad356170c95f7db92d5d207d8850bf6af05b"
      }
    },
    {
      "identity" : "position",
      "kind" : "remoteSourceControl",
      "location" : "https://github.com/leviouwendijk/Position.git",
      "state" : {
        "branch" : "master",
        "revision" : "70fd78230c3452d9a4471222d64324a2c084351d"
      }
    },
    {
      "identity" : "primitives",
      "kind" : "remoteSourceControl",
      "location" : "https://github.com/leviouwendijk/Primitives.git",
      "state" : {
        "branch" : "master",
        "revision" : "c535297ac2596102167da32b910b6c8c4e17ecc9"
      }
    },
    {
      "identity" : "protocolcomponents",
      "kind" : "remoteSourceControl",
      "location" : "https://github.com/leviouwendijk/ProtocolComponents.git",
      "state" : {
        "branch" : "master",
        "revision" : "866ef7b22350aac41f455c5b2188f95f411a4507"
      }
    },
    {
      "identity" : "ranking",
      "kind" : "remoteSourceControl",
      "location" : "https://github.com/leviouwendijk/Ranking.git",
      "state" : {
        "branch" : "master",
        "revision" : "5180cfb8c8e0ff6ec6224b3430507cccd83995a4"
      }
    },
    {
      "identity" : "readers",
      "kind" : "remoteSourceControl",
      "location" : "https://github.com/leviouwendijk/Readers.git",
      "state" : {
        "branch" : "master",
        "revision" : "9aec5eaf7cd193202bed6c09a86f180ec1e55b6b"
      }
    },
    {
      "identity" : "selection",
      "kind" : "remoteSourceControl",
      "location" : "https://github.com/leviouwendijk/Selection.git",
      "state" : {
        "branch" : "master",
        "revision" : "02087d38d71ce0e38a43a87be62defe8240b3011"
      }
    },
    {
      "identity" : "strings",
      "kind" : "remoteSourceControl",
      "location" : "https://github.com/leviouwendijk/Strings.git",
      "state" : {
        "branch" : "master",
        "revision" : "86a939d7bbb3e25808f88fbcedcee4069a5a5ae1"
      }
    },
    {
      "identity" : "terminal",
      "kind" : "remoteSourceControl",
      "location" : "https://github.com/leviouwendijk/Terminal.git",
      "state" : {
        "branch" : "master",
        "revision" : "bab62c2e7fd02c44cfd9eb6c6900fa8d3c6db512"
      }
    },
    {
      "identity" : "testflows",
      "kind" : "remoteSourceControl",
      "location" : "https://github.com/leviouwendijk/TestFlows.git",
      "state" : {
        "branch" : "master",
        "revision" : "cc6f6216e9c77cf2862c047a4666336cc47d25e8"
      }
    },
    {
      "identity" : "tokens",
      "kind" : "remoteSourceControl",
      "location" : "https://github.com/leviouwendijk/Tokens.git",
      "state" : {
        "branch" : "master",
        "revision" : "4e6c16afcaa81606fa7b2dcd80f9a25965403687"
      }
    },
    {
      "identity" : "variables",
      "kind" : "remoteSourceControl",
      "location" : "https://github.com/leviouwendijk/Variables.git",
      "state" : {
        "branch" : "master",
        "revision" : "c533569cd399d8d4762f5f4f8241e2234735c6d0"
      }
    },
    {
      "identity" : "version",
      "kind" : "remoteSourceControl",
      "location" : "https://github.com/leviouwendijk/Version.git",
      "state" : {
        "branch" : "master",
        "revision" : "a7eeda6e3b84eca36f61366e5d420787c9aba69f"
      }
    },
    {
      "identity" : "writers",
      "kind" : "remoteSourceControl",
      "location" : "https://github.com/leviouwendijk/Writers.git",
      "state" : {
        "branch" : "master",
        "revision" : "68d435e982ad7e144c5600b652368cae77c48044"
      }
    }
  ],
  "version" : 3
}
